{
  "version": 4,
  "terraform_version": "1.7.5",
  "serial": 53,
  "lineage": "835c1f3e-0e33-6cd9-c65d-35f4c24d61b4",
  "outputs": {
    "iam_group_name": {
      "value": "Github-Workflow",
      "type": "string"
    },
    "iam_user_names": {
      "value": [
        "sameeksha",
        "harshpreet",
        "jiaxu"
      ],
      "type": [
        "tuple",
        [
          "string",
          "string",
          "string"
        ]
      ]
    },
    "iam_user_tags": {
      "value": [
        {
          "name": "sameeksha",
          "tags": {
            "Department": "Engineering",
            "Environment": "Production"
          }
        },
        {
          "name": "harshpreet",
          "tags": {
            "Department": "Operations",
            "Environment": "Staging"
          }
        },
        {
          "name": "jiaxu",
          "tags": {
            "Department": "Product Management",
            "Environment": "Development"
          }
        }
      ],
      "type": [
        "list",
        [
          "object",
          {
            "name": "string",
            "tags": [
              "map",
              "string"
            ]
          }
        ]
      ]
    }
  },
  "resources": [
    {
      "module": "module.iam_group",
      "mode": "managed",
      "type": "aws_iam_group",
      "name": "this",
      "provider": "provider[\"registry.terraform.io/hashicorp/aws\"]",
      "instances": [
        {
          "schema_version": 0,
          "attributes": {
            "arn": "arn:aws:iam::637423611405:group/Github-Workflow",
            "id": "Github-Workflow",
            "name": "Github-Workflow",
            "path": "/",
            "unique_id": "AGPAZI2LINYGUKSZQZ24N"
          },
          "sensitive_attributes": [],
          "private": "bnVsbA=="
        }
      ]
    },
    {
      "module": "module.iam_group",
      "mode": "managed",
      "type": "aws_iam_group_membership",
      "name": "group_membership",
      "provider": "provider[\"registry.terraform.io/hashicorp/aws\"]",
      "instances": [
        {
          "index_key": 0,
          "schema_version": 0,
          "attributes": {
            "group": "Github-Workflow",
            "id": "group_membership_Github-Workflow",
            "name": "group_membership_Github-Workflow",
            "users": [
              "sameeksha"
            ]
          },
          "sensitive_attributes": [],
          "private": "bnVsbA==",
          "dependencies": [
            "module.iam_group.aws_iam_group.this"
          ]
        },
        {
          "index_key": 1,
          "schema_version": 0,
          "attributes": {
            "group": "Github-Workflow",
            "id": "group_membership_Github-Workflow",
            "name": "group_membership_Github-Workflow",
            "users": [
              "harshpreet"
            ]
          },
          "sensitive_attributes": [],
          "private": "bnVsbA==",
          "dependencies": [
            "module.iam_group.aws_iam_group.this"
          ]
        },
        {
          "index_key": 2,
          "schema_version": 0,
          "attributes": {
            "group": "Github-Workflow",
            "id": "group_membership_Github-Workflow",
            "name": "group_membership_Github-Workflow",
            "users": [
              "jiaxu"
            ]
          },
          "sensitive_attributes": [],
          "private": "bnVsbA==",
          "dependencies": [
            "module.iam_group.aws_iam_group.this"
          ]
        }
      ]
    },
    {
      "module": "module.iam_group",
      "mode": "managed",
      "type": "aws_iam_group_policy_attachment",
      "name": "group_policy_attachment",
      "provider": "provider[\"registry.terraform.io/hashicorp/aws\"]",
      "instances": [
        {
          "index_key": 0,
          "schema_version": 0,
          "attributes": {
            "group": "Github-Workflow",
            "id": "Github-Workflow-20240323154032702000000001",
            "policy_arn": "arn:aws:iam::aws:policy/AmazonS3FullAccess"
          },
          "sensitive_attributes": [],
          "private": "bnVsbA==",
          "dependencies": [
            "module.iam_group.aws_iam_group.this"
          ]
        }
      ]
    },
    {
      "module": "module.iam_user",
      "mode": "managed",
      "type": "aws_iam_user",
      "name": "this",
      "provider": "provider[\"registry.terraform.io/hashicorp/aws\"]",
      "instances": [
        {
          "index_key": 0,
          "schema_version": 0,
          "attributes": {
            "arn": "arn:aws:iam::637423611405:user/sameeksha",
            "force_destroy": false,
            "id": "sameeksha",
            "name": "sameeksha",
            "path": "/",
            "permissions_boundary": "",
            "tags": {
              "Department": "Engineering",
              "Environment": "Production"
            },
            "tags_all": {
              "Department": "Engineering",
              "Environment": "Production"
            },
            "unique_id": "AIDAZI2LINYGZIS3Y36AV"
          },
          "sensitive_attributes": [],
          "private": "bnVsbA=="
        },
        {
          "index_key": 1,
          "schema_version": 0,
          "attributes": {
            "arn": "arn:aws:iam::637423611405:user/harshpreet",
            "force_destroy": false,
            "id": "harshpreet",
            "name": "harshpreet",
            "path": "/",
            "permissions_boundary": "",
            "tags": {
              "Department": "Operations",
              "Environment": "Staging"
            },
            "tags_all": {
              "Department": "Operations",
              "Environment": "Staging"
            },
            "unique_id": "AIDAZI2LINYG6SD3XJKBB"
          },
          "sensitive_attributes": [],
          "private": "bnVsbA=="
        },
        {
          "index_key": 2,
          "schema_version": 0,
          "attributes": {
            "arn": "arn:aws:iam::637423611405:user/jiaxu",
            "force_destroy": false,
            "id": "jiaxu",
            "name": "jiaxu",
            "path": "/",
            "permissions_boundary": "",
            "tags": {
              "Department": "Product Management",
              "Environment": "Development"
            },
            "tags_all": {
              "Department": "Product Management",
              "Environment": "Development"
            },
            "unique_id": "AIDAZI2LINYGWZYQ7HFI4"
          },
          "sensitive_attributes": [],
          "private": "bnVsbA=="
        }
      ]
    }
  ],
  "check_results": null
}
